
Microsoft Visual Studio Solution File, Format Version 12.00
# Visual Studio Version 17
VisualStudioVersion = 17.7.34024.191
MinimumVisualStudioVersion = 10.0.40219.1
Project("{FAE04EC0-301F-11D3-BF4B-00C04F79EFBC}") = "ws11_APPR_mov", "ws11_APPR_mov\ws11_APPR_mov.csproj", "{61E34694-2844-4F64-B39B-581E7BB268EA}"
EndProject
Global
	GlobalSection(SolutionConfigurationPlatforms) = preSolution
		Debug|Any CPU = Debug|Any CPU
		Release|Any CPU = Release|Any CPU
	EndGlobalSection
	GlobalSection(ProjectConfigurationPlatforms) = postSolution
		{61E34694-2844-4F64-B39B-581E7BB268EA}.Debug|Any CPU.ActiveCfg = Debug|Any CPU
		{61E34694-2844-4F64-B39B-581E7BB268EA}.Debug|Any CPU.Build.0 = Debug|Any CPU
		{61E34694-2844-4F64-B39B-581E7BB268EA}.Release|Any CPU.ActiveCfg = Release|Any CPU
		{61E34694-2844-4F64-B39B-581E7BB268EA}.Release|Any CPU.Build.0 = Release|Any CPU
	EndGlobalSection
	GlobalSection(SolutionProperties) = preSolution
		HideSolutionNode = FALSE
	EndGlobalSection
	GlobalSection(ExtensibilityGlobals) = postSolution
		SolutionGuid = {8F7C87AA-62ED-42F9-AB41-C8F21F95AEFF}
	EndGlobalSection
EndGlobal
