
Microsoft Visual Studio Solution File, Format Version 12.00
# Visual Studio Version 17
VisualStudioVersion = 17.7.34024.191
MinimumVisualStudioVersion = 10.0.40219.1
Project("{FAE04EC0-301F-11D3-BF4B-00C04F79EFBC}") = "oprdracht2_APPR_race", "oprdracht2_APPR_race\oprdracht2_APPR_race.csproj", "{8CD3B079-25E6-4724-A87B-99D23F836241}"
EndProject
Global
	GlobalSection(SolutionConfigurationPlatforms) = preSolution
		Debug|Any CPU = Debug|Any CPU
		Release|Any CPU = Release|Any CPU
	EndGlobalSection
	GlobalSection(ProjectConfigurationPlatforms) = postSolution
		{8CD3B079-25E6-4724-A87B-99D23F836241}.Debug|Any CPU.ActiveCfg = Debug|Any CPU
		{8CD3B079-25E6-4724-A87B-99D23F836241}.Debug|Any CPU.Build.0 = Debug|Any CPU
		{8CD3B079-25E6-4724-A87B-99D23F836241}.Release|Any CPU.ActiveCfg = Release|Any CPU
		{8CD3B079-25E6-4724-A87B-99D23F836241}.Release|Any CPU.Build.0 = Release|Any CPU
	EndGlobalSection
	GlobalSection(SolutionProperties) = preSolution
		HideSolutionNode = FALSE
	EndGlobalSection
	GlobalSection(ExtensibilityGlobals) = postSolution
		SolutionGuid = {B50AEE23-928D-4ABA-BF9E-B25FCB66506B}
	EndGlobalSection
EndGlobal
