
Microsoft Visual Studio Solution File, Format Version 12.00
# Visual Studio Version 17
VisualStudioVersion = 17.14.36203.30 d17.14
MinimumVisualStudioVersion = 10.0.40219.1
Project("{FAE04EC0-301F-11D3-BF4B-00C04F79EFBC}") = "ws94_APPR", "ws94_APPR\ws94_APPR.csproj", "{6A0660F7-810B-4BB0-9377-B9C3CBE6FDEB}"
EndProject
Global
	GlobalSection(SolutionConfigurationPlatforms) = preSolution
		Debug|Any CPU = Debug|Any CPU
		Release|Any CPU = Release|Any CPU
	EndGlobalSection
	GlobalSection(ProjectConfigurationPlatforms) = postSolution
		{6A0660F7-810B-4BB0-9377-B9C3CBE6FDEB}.Debug|Any CPU.ActiveCfg = Debug|Any CPU
		{6A0660F7-810B-4BB0-9377-B9C3CBE6FDEB}.Debug|Any CPU.Build.0 = Debug|Any CPU
		{6A0660F7-810B-4BB0-9377-B9C3CBE6FDEB}.Release|Any CPU.ActiveCfg = Release|Any CPU
		{6A0660F7-810B-4BB0-9377-B9C3CBE6FDEB}.Release|Any CPU.Build.0 = Release|Any CPU
	EndGlobalSection
	GlobalSection(SolutionProperties) = preSolution
		HideSolutionNode = FALSE
	EndGlobalSection
	GlobalSection(ExtensibilityGlobals) = postSolution
		SolutionGuid = {D77B2B09-1966-4C40-8B52-BA792ED2FA38}
	EndGlobalSection
EndGlobal
