
Microsoft Visual Studio Solution File, Format Version 12.00
# Visual Studio Version 17
VisualStudioVersion = 17.7.34024.191
MinimumVisualStudioVersion = 10.0.40219.1
Project("{FAE04EC0-301F-11D3-BF4B-00C04F79EFBC}") = "ws7_APPR_RIC", "ws7_APPR_RIC\ws7_APPR_RIC.csproj", "{FE6BD512-587C-45CE-857F-642F49C3308A}"
EndProject
Global
	GlobalSection(SolutionConfigurationPlatforms) = preSolution
		Debug|Any CPU = Debug|Any CPU
		Release|Any CPU = Release|Any CPU
	EndGlobalSection
	GlobalSection(ProjectConfigurationPlatforms) = postSolution
		{FE6BD512-587C-45CE-857F-642F49C3308A}.Debug|Any CPU.ActiveCfg = Debug|Any CPU
		{FE6BD512-587C-45CE-857F-642F49C3308A}.Debug|Any CPU.Build.0 = Debug|Any CPU
		{FE6BD512-587C-45CE-857F-642F49C3308A}.Release|Any CPU.ActiveCfg = Release|Any CPU
		{FE6BD512-587C-45CE-857F-642F49C3308A}.Release|Any CPU.Build.0 = Release|Any CPU
	EndGlobalSection
	GlobalSection(SolutionProperties) = preSolution
		HideSolutionNode = FALSE
	EndGlobalSection
	GlobalSection(ExtensibilityGlobals) = postSolution
		SolutionGuid = {671B6ED1-8050-4929-8F0D-D10DD296605C}
	EndGlobalSection
EndGlobal
