
Microsoft Visual Studio Solution File, Format Version 12.00
# Visual Studio Version 17
VisualStudioVersion = 17.14.36203.30 d17.14
MinimumVisualStudioVersion = 10.0.40219.1
Project("{FAE04EC0-301F-11D3-BF4B-00C04F79EFBC}") = "ws92_APPR", "ws92_APPR\ws92_APPR.csproj", "{662E5CA7-71F5-452B-9976-B1FAD068001E}"
EndProject
Global
	GlobalSection(SolutionConfigurationPlatforms) = preSolution
		Debug|Any CPU = Debug|Any CPU
		Release|Any CPU = Release|Any CPU
	EndGlobalSection
	GlobalSection(ProjectConfigurationPlatforms) = postSolution
		{662E5CA7-71F5-452B-9976-B1FAD068001E}.Debug|Any CPU.ActiveCfg = Debug|Any CPU
		{662E5CA7-71F5-452B-9976-B1FAD068001E}.Debug|Any CPU.Build.0 = Debug|Any CPU
		{662E5CA7-71F5-452B-9976-B1FAD068001E}.Release|Any CPU.ActiveCfg = Release|Any CPU
		{662E5CA7-71F5-452B-9976-B1FAD068001E}.Release|Any CPU.Build.0 = Release|Any CPU
	EndGlobalSection
	GlobalSection(SolutionProperties) = preSolution
		HideSolutionNode = FALSE
	EndGlobalSection
	GlobalSection(ExtensibilityGlobals) = postSolution
		SolutionGuid = {76FCA8BE-202D-418E-B552-5D335DF204F8}
	EndGlobalSection
EndGlobal
