
Microsoft Visual Studio Solution File, Format Version 12.00
# Visual Studio Version 17
VisualStudioVersion = 17.13.35806.99 d17.13
MinimumVisualStudioVersion = 10.0.40219.1
Project("{FAE04EC0-301F-11D3-BF4B-00C04F79EFBC}") = "ws72_APPR", "ws72_APPR\ws72_APPR.csproj", "{13A40DE7-2089-4D2F-9BA7-E9A832EB0317}"
EndProject
Global
	GlobalSection(SolutionConfigurationPlatforms) = preSolution
		Debug|Any CPU = Debug|Any CPU
		Release|Any CPU = Release|Any CPU
	EndGlobalSection
	GlobalSection(ProjectConfigurationPlatforms) = postSolution
		{13A40DE7-2089-4D2F-9BA7-E9A832EB0317}.Debug|Any CPU.ActiveCfg = Debug|Any CPU
		{13A40DE7-2089-4D2F-9BA7-E9A832EB0317}.Debug|Any CPU.Build.0 = Debug|Any CPU
		{13A40DE7-2089-4D2F-9BA7-E9A832EB0317}.Release|Any CPU.ActiveCfg = Release|Any CPU
		{13A40DE7-2089-4D2F-9BA7-E9A832EB0317}.Release|Any CPU.Build.0 = Release|Any CPU
	EndGlobalSection
	GlobalSection(SolutionProperties) = preSolution
		HideSolutionNode = FALSE
	EndGlobalSection
	GlobalSection(ExtensibilityGlobals) = postSolution
		SolutionGuid = {BA58E9B4-D598-40A8-92BA-59939101E8EB}
	EndGlobalSection
EndGlobal
