
Microsoft Visual Studio Solution File, Format Version 12.00
# Visual Studio Version 17
VisualStudioVersion = 17.7.34024.191
MinimumVisualStudioVersion = 10.0.40219.1
Project("{FAE04EC0-301F-11D3-BF4B-00C04F79EFBC}") = "APPR_astroinator_SD_BPRJ_S3", "APPR_astroinator_SD_BPRJ_S3\APPR_astroinator_SD_BPRJ_S3.csproj", "{953490C7-CF68-4B66-B3E6-67409591DBB1}"
EndProject
Global
	GlobalSection(SolutionConfigurationPlatforms) = preSolution
		Debug|Any CPU = Debug|Any CPU
		Release|Any CPU = Release|Any CPU
	EndGlobalSection
	GlobalSection(ProjectConfigurationPlatforms) = postSolution
		{953490C7-CF68-4B66-B3E6-67409591DBB1}.Debug|Any CPU.ActiveCfg = Debug|Any CPU
		{953490C7-CF68-4B66-B3E6-67409591DBB1}.Debug|Any CPU.Build.0 = Debug|Any CPU
		{953490C7-CF68-4B66-B3E6-67409591DBB1}.Release|Any CPU.ActiveCfg = Release|Any CPU
		{953490C7-CF68-4B66-B3E6-67409591DBB1}.Release|Any CPU.Build.0 = Release|Any CPU
	EndGlobalSection
	GlobalSection(SolutionProperties) = preSolution
		HideSolutionNode = FALSE
	EndGlobalSection
	GlobalSection(ExtensibilityGlobals) = postSolution
		SolutionGuid = {8587F949-1DEA-4D5D-BA0E-F0F8B9BDEBD1}
	EndGlobalSection
EndGlobal
