
Microsoft Visual Studio Solution File, Format Version 12.00
# Visual Studio Version 17
VisualStudioVersion = 17.8.34330.188
MinimumVisualStudioVersion = 10.0.40219.1
Project("{FAE04EC0-301F-11D3-BF4B-00C04F79EFBC}") = "APPR_TheRace_23SD_BPRJ_S2", "APPR_TheRace_23SD_BPRJ_S2\APPR_TheRace_23SD_BPRJ_S2.csproj", "{802BA4E6-FC16-4258-A310-282C8975BF19}"
EndProject
Global
	GlobalSection(SolutionConfigurationPlatforms) = preSolution
		Debug|Any CPU = Debug|Any CPU
		Release|Any CPU = Release|Any CPU
	EndGlobalSection
	GlobalSection(ProjectConfigurationPlatforms) = postSolution
		{802BA4E6-FC16-4258-A310-282C8975BF19}.Debug|Any CPU.ActiveCfg = Debug|Any CPU
		{802BA4E6-FC16-4258-A310-282C8975BF19}.Debug|Any CPU.Build.0 = Debug|Any CPU
		{802BA4E6-FC16-4258-A310-282C8975BF19}.Release|Any CPU.ActiveCfg = Release|Any CPU
		{802BA4E6-FC16-4258-A310-282C8975BF19}.Release|Any CPU.Build.0 = Release|Any CPU
	EndGlobalSection
	GlobalSection(SolutionProperties) = preSolution
		HideSolutionNode = FALSE
	EndGlobalSection
	GlobalSection(ExtensibilityGlobals) = postSolution
		SolutionGuid = {1538C53C-4821-4F9D-A6AC-C7AB32FE2796}
	EndGlobalSection
EndGlobal
